
Microsoft Visual Studio Solution File, Format Version 12.00
# Visual Studio 15
VisualStudioVersion = 15.0.28307.329
MinimumVisualStudioVersion = 10.0.40219.1
Project("{FAE04EC0-301F-11D3-BF4B-00C04F79EFBC}") = "Threading", "Threading\Threading.csproj", "{B5BCFC34-1898-43B3-85CA-F3C4C137CBA1}"
EndProject
Project("{FAE04EC0-301F-11D3-BF4B-00C04F79EFBC}") = "Task2", "mythread\Task2.csproj", "{1E81D8E1-F22B-44DD-8079-4553AA675DF1}"
EndProject
Project("{FAE04EC0-301F-11D3-BF4B-00C04F79EFBC}") = "Task1", "Task1\Task1.csproj", "{28137E14-A310-4F0C-8E1B-5480F96F86D7}"
EndProject
Global
	GlobalSection(SolutionConfigurationPlatforms) = preSolution
		Debug|Any CPU = Debug|Any CPU
		Release|Any CPU = Release|Any CPU
	EndGlobalSection
	GlobalSection(ProjectConfigurationPlatforms) = postSolution
		{B5BCFC34-1898-43B3-85CA-F3C4C137CBA1}.Debug|Any CPU.ActiveCfg = Debug|Any CPU
		{B5BCFC34-1898-43B3-85CA-F3C4C137CBA1}.Debug|Any CPU.Build.0 = Debug|Any CPU
		{B5BCFC34-1898-43B3-85CA-F3C4C137CBA1}.Release|Any CPU.ActiveCfg = Release|Any CPU
		{B5BCFC34-1898-43B3-85CA-F3C4C137CBA1}.Release|Any CPU.Build.0 = Release|Any CPU
		{1E81D8E1-F22B-44DD-8079-4553AA675DF1}.Debug|Any CPU.ActiveCfg = Debug|Any CPU
		{1E81D8E1-F22B-44DD-8079-4553AA675DF1}.Debug|Any CPU.Build.0 = Debug|Any CPU
		{1E81D8E1-F22B-44DD-8079-4553AA675DF1}.Release|Any CPU.ActiveCfg = Release|Any CPU
		{1E81D8E1-F22B-44DD-8079-4553AA675DF1}.Release|Any CPU.Build.0 = Release|Any CPU
		{28137E14-A310-4F0C-8E1B-5480F96F86D7}.Debug|Any CPU.ActiveCfg = Debug|Any CPU
		{28137E14-A310-4F0C-8E1B-5480F96F86D7}.Debug|Any CPU.Build.0 = Debug|Any CPU
		{28137E14-A310-4F0C-8E1B-5480F96F86D7}.Release|Any CPU.ActiveCfg = Release|Any CPU
		{28137E14-A310-4F0C-8E1B-5480F96F86D7}.Release|Any CPU.Build.0 = Release|Any CPU
	EndGlobalSection
	GlobalSection(SolutionProperties) = preSolution
		HideSolutionNode = FALSE
	EndGlobalSection
	GlobalSection(ExtensibilityGlobals) = postSolution
		SolutionGuid = {4CBF00D2-6189-4163-9BE8-00B5F4509CDF}
	EndGlobalSection
EndGlobal
